
Microsoft Visual Studio Solution File, Format Version 12.00
# Visual Studio Version 17
VisualStudioVersion = 17.5.33516.290
MinimumVisualStudioVersion = 10.0.40219.1
Project("{9A19103F-16F7-4668-BE54-9A1E7A4F7556}") = "PRUEAS", "PRUEAS\PRUEAS.csproj", "{79796DD5-97AE-4861-98BF-BF46EA2C4D9F}"
EndProject
Project("{FAE04EC0-301F-11D3-BF4B-00C04F79EFBC}") = "PrueasTest", "PrueasTest\PrueasTest.csproj", "{DDD04398-E7CE-41EC-B1F3-5A9588C72F2C}"
EndProject
Project("{9A19103F-16F7-4668-BE54-9A1E7A4F7556}") = "OndaVital", "OndaVital\OndaVital.csproj", "{5E2232BC-6177-4954-9D0F-285881F29E91}"
EndProject
Global
	GlobalSection(SolutionConfigurationPlatforms) = preSolution
		Debug|Any CPU = Debug|Any CPU
		Release|Any CPU = Release|Any CPU
	EndGlobalSection
	GlobalSection(ProjectConfigurationPlatforms) = postSolution
		{79796DD5-97AE-4861-98BF-BF46EA2C4D9F}.Debug|Any CPU.ActiveCfg = Debug|Any CPU
		{79796DD5-97AE-4861-98BF-BF46EA2C4D9F}.Debug|Any CPU.Build.0 = Debug|Any CPU
		{79796DD5-97AE-4861-98BF-BF46EA2C4D9F}.Release|Any CPU.ActiveCfg = Release|Any CPU
		{79796DD5-97AE-4861-98BF-BF46EA2C4D9F}.Release|Any CPU.Build.0 = Release|Any CPU
		{DDD04398-E7CE-41EC-B1F3-5A9588C72F2C}.Debug|Any CPU.ActiveCfg = Debug|Any CPU
		{DDD04398-E7CE-41EC-B1F3-5A9588C72F2C}.Debug|Any CPU.Build.0 = Debug|Any CPU
		{DDD04398-E7CE-41EC-B1F3-5A9588C72F2C}.Release|Any CPU.ActiveCfg = Release|Any CPU
		{DDD04398-E7CE-41EC-B1F3-5A9588C72F2C}.Release|Any CPU.Build.0 = Release|Any CPU
		{5E2232BC-6177-4954-9D0F-285881F29E91}.Debug|Any CPU.ActiveCfg = Debug|Any CPU
		{5E2232BC-6177-4954-9D0F-285881F29E91}.Debug|Any CPU.Build.0 = Debug|Any CPU
		{5E2232BC-6177-4954-9D0F-285881F29E91}.Release|Any CPU.ActiveCfg = Release|Any CPU
		{5E2232BC-6177-4954-9D0F-285881F29E91}.Release|Any CPU.Build.0 = Release|Any CPU
	EndGlobalSection
	GlobalSection(SolutionProperties) = preSolution
		HideSolutionNode = FALSE
	EndGlobalSection
	GlobalSection(ExtensibilityGlobals) = postSolution
		SolutionGuid = {E5827B0C-1616-4BB7-95CD-AB8E4E7FEDEB}
	EndGlobalSection
EndGlobal
